
Microsoft Visual Studio Solution File, Format Version 12.00
# Visual Studio Version 17
VisualStudioVersion = 17.8.34309.116
MinimumVisualStudioVersion = 10.0.40219.1
Project("{FAE04EC0-301F-11D3-BF4B-00C04F79EFBC}") = "lab6kpp", "lab6kpp.csproj", "{01BC74A8-68D2-4F92-BF88-07F401C96EBE}"
EndProject
Global
	GlobalSection(SolutionConfigurationPlatforms) = preSolution
		Debug|Any CPU = Debug|Any CPU
		Release|Any CPU = Release|Any CPU
	EndGlobalSection
	GlobalSection(ProjectConfigurationPlatforms) = postSolution
		{01BC74A8-68D2-4F92-BF88-07F401C96EBE}.Debug|Any CPU.ActiveCfg = Debug|Any CPU
		{01BC74A8-68D2-4F92-BF88-07F401C96EBE}.Debug|Any CPU.Build.0 = Debug|Any CPU
		{01BC74A8-68D2-4F92-BF88-07F401C96EBE}.Release|Any CPU.ActiveCfg = Release|Any CPU
		{01BC74A8-68D2-4F92-BF88-07F401C96EBE}.Release|Any CPU.Build.0 = Release|Any CPU
	EndGlobalSection
	GlobalSection(SolutionProperties) = preSolution
		HideSolutionNode = FALSE
	EndGlobalSection
	GlobalSection(ExtensibilityGlobals) = postSolution
		SolutionGuid = {04689C6F-80D0-439A-93CC-E2FBB9349032}
	EndGlobalSection
EndGlobal
